
Microsoft Visual Studio Solution File, Format Version 12.00
# Visual Studio 14
VisualStudioVersion = 14.0.25420.1
MinimumVisualStudioVersion = 10.0.40219.1
Project("{FAE04EC0-301F-11D3-BF4B-00C04F79EFBC}") = "Utility", "Utility\Utility.csproj", "{943CE5C3-9B68-447E-9BB9-F95C9E2A4AE5}"
EndProject
Project("{FAE04EC0-301F-11D3-BF4B-00C04F79EFBC}") = "AppFramework", "AppFramework\AppFramework.csproj", "{F4723B21-C7CD-455C-B522-5329AB5BFD15}"
	ProjectSection(ProjectDependencies) = postProject
		{943CE5C3-9B68-447E-9BB9-F95C9E2A4AE5} = {943CE5C3-9B68-447E-9BB9-F95C9E2A4AE5}
	EndProjectSection
EndProject
Project("{FAE04EC0-301F-11D3-BF4B-00C04F79EFBC}") = "Forms", "Windows\Forms\Forms.csproj", "{9DCE0C0F-2B72-4B7F-94D1-1D50A26F55C3}"
	ProjectSection(ProjectDependencies) = postProject
		{F4723B21-C7CD-455C-B522-5329AB5BFD15} = {F4723B21-C7CD-455C-B522-5329AB5BFD15}
		{943CE5C3-9B68-447E-9BB9-F95C9E2A4AE5} = {943CE5C3-9B68-447E-9BB9-F95C9E2A4AE5}
	EndProjectSection
EndProject
Project("{FAE04EC0-301F-11D3-BF4B-00C04F79EFBC}") = "Operationen", "Operationen\src\Operationen.csproj", "{E869F4AE-E68F-44E6-8F20-2D52C02DA19C}"
EndProject
Project("{FAE04EC0-301F-11D3-BF4B-00C04F79EFBC}") = "OperationenImport", "Operationen\src\OperationenImport\OperationenImport.csproj", "{68407BA6-657F-404A-89BD-38716C09ED7A}"
EndProject
Project("{FAE04EC0-301F-11D3-BF4B-00C04F79EFBC}") = "OperationenImportCSV", "Operationen\src\OperationenImportCSV\OperationenImportCSV.csproj", "{6BC33FBD-4FDB-4937-B5DE-5B9EE98B55A8}"
EndProject
Project("{FAE04EC0-301F-11D3-BF4B-00C04F79EFBC}") = "Setup", "Operationen\src\Setup\Setup.csproj", "{023047AF-9B1D-410C-8C55-4CF9A1D42EFC}"
EndProject
Project("{FAE04EC0-301F-11D3-BF4B-00C04F79EFBC}") = "Uninstall", "Operationen\src\Uninstall\Uninstall.csproj", "{1A729298-AD9C-4C18-B219-E985222F747E}"
EndProject
Project("{FAE04EC0-301F-11D3-BF4B-00C04F79EFBC}") = "SetupData", "Operationen\src\SetupData\SetupData.csproj", "{E9C99E85-8C90-4724-B09B-34A55DB86D3F}"
EndProject
Project("{8BC9CEB8-8B4A-11D0-8D11-00A0C91BC942}") = "SetupLauncher", "Operationen\src\SetupLauncher\SetupLauncher.vcxproj", "{D39A7836-5C38-437F-876A-4F39EBF4F155}"
EndProject
Project("{FAE04EC0-301F-11D3-BF4B-00C04F79EFBC}") = "OperationenImportIcpm3Op3CSV", "Operationen\src\OperationenImportIcpm3Op3CSV\OperationenImportIcpm3Op3CSV.csproj", "{4BF90585-74D8-453F-B823-DCACCD8F0999}"
EndProject
Project("{FAE04EC0-301F-11D3-BF4B-00C04F79EFBC}") = "OperationenImportIcpm5Op3CSV", "Operationen\src\OperationenImportIcpm5Op3CSV\OperationenImportIcpm5Op3CSV.csproj", "{72BD8B34-0B7E-4FD6-BBDE-076B1BBFBB3D}"
EndProject
Project("{FAE04EC0-301F-11D3-BF4B-00C04F79EFBC}") = "OperationenImportCSVUnicode", "Operationen\src\OperationenImportCSVUnicode\OperationenImportCSVUnicode.csproj", "{0EA60056-2F5D-48CD-9A5F-34571E313C5C}"
EndProject
Project("{FAE04EC0-301F-11D3-BF4B-00C04F79EFBC}") = "OperationenImportIcpm3Op3CSVUnicode", "Operationen\src\OperationenImportIcpm3Op3CSVUnicode\OperationenImportIcpm3Op3CSVUnicode.csproj", "{29F6E845-FF32-4F21-B009-FD743D427DEC}"
EndProject
Project("{FAE04EC0-301F-11D3-BF4B-00C04F79EFBC}") = "OperationenImportIcpm5Op3CSVUnicode", "Operationen\src\OperationenImportIcpm5Op3CSVUnicode\OperationenImportIcpm5Op3CSVUnicode.csproj", "{4B61DF54-DEE0-4AF6-B398-729A44E7B9BE}"
EndProject
Project("{FAE04EC0-301F-11D3-BF4B-00C04F79EFBC}") = "OperationenImportOrbis", "Operationen\src\OperationenImportOrbis\OperationenImportOrbis.csproj", "{B1899F82-EB35-4383-8B77-BBF381913C11}"
EndProject
Project("{FAE04EC0-301F-11D3-BF4B-00C04F79EFBC}") = "OperationenImportOrbisUnicode", "Operationen\src\OperationenImportOrbisUnicode\OperationenImportOrbisUnicode.csproj", "{9ED3E32B-A2AE-4966-A205-EB5D6758CD12}"
EndProject
Project("{FAE04EC0-301F-11D3-BF4B-00C04F79EFBC}") = "Sekurity", "Security\Sekurity.csproj", "{9D65E2F1-9E00-417D-ADAD-BB81CE7FBCC8}"
EndProject
Project("{FAE04EC0-301F-11D3-BF4B-00C04F79EFBC}") = "OperationenImportOrbisText", "operationen\src\OperationenImportOrbisText\OperationenImportOrbisText.csproj", "{C3F283FD-E2FA-40C6-B626-864C3835AB49}"
EndProject
Project("{FAE04EC0-301F-11D3-BF4B-00C04F79EFBC}") = "OperationenImportOrbisTextUnicode", "operationen\src\OperationenImportOrbisTextUnicode\OperationenImportOrbisTextUnicode.csproj", "{C1F6B05A-82A7-4661-B16D-A2981003B074}"
EndProject
Project("{FAE04EC0-301F-11D3-BF4B-00C04F79EFBC}") = "OperationenAppFramework", "operationen\src\OperationenAppFramework\OperationenAppFramework.csproj", "{713EC6A8-2AD6-47E7-83C8-BF5D1CD25F38}"
EndProject
Project("{FAE04EC0-301F-11D3-BF4B-00C04F79EFBC}") = "OperationenImportIKPM10", "operationen\src\OperationenImportIKPM10\OperationenImportIKPM10.csproj", "{64A9B718-EE85-47EA-817C-D21A4F05DFE5}"
EndProject
Project("{FAE04EC0-301F-11D3-BF4B-00C04F79EFBC}") = "OperationenImportIKPM10Unicode", "operationen\src\OperationenImportIKPM10Unicode\OperationenImportIKPM10Unicode.csproj", "{7ABF7D1C-110E-488D-B142-C88FC0A6D76E}"
EndProject
Project("{FAE04EC0-301F-11D3-BF4B-00C04F79EFBC}") = "OperationenImportMccIsop", "operationen\src\OperationenImportMccIsop\OperationenImportMccIsop.csproj", "{70C43FED-E5B2-4D76-ACDB-78C2495EDA9B}"
EndProject
Project("{FAE04EC0-301F-11D3-BF4B-00C04F79EFBC}") = "OperationenImportMccIsopUnicode", "operationen\src\OperationenImportMccIsopUnicode\OperationenImportMccIsopUnicode.csproj", "{B9073AC2-C435-4828-969C-C6FC1D9791A3}"
EndProject
Project("{FAE04EC0-301F-11D3-BF4B-00C04F79EFBC}") = "OperationenImportImedOne", "operationen\src\OperationenImportImedOne\OperationenImportImedOne.csproj", "{B4787226-3A31-4524-A3BE-7E8098AF94CB}"
EndProject
Project("{FAE04EC0-301F-11D3-BF4B-00C04F79EFBC}") = "OperationenImportSapCsv", "operationen\src\OperationenImportSapCsv\OperationenImportSapCsv.csproj", "{3A491873-2A07-4099-80E5-BB4833B6A8DD}"
EndProject
Project("{FAE04EC0-301F-11D3-BF4B-00C04F79EFBC}") = "OperationenImportSapCsvUnicode", "operationen\src\OperationenImportSapCsvUnicode\OperationenImportSapCsvUnicode.csproj", "{100B380B-F3E4-4B11-A924-E6DBF928C4B5}"
EndProject
Global
	GlobalSection(SolutionConfigurationPlatforms) = preSolution
		Debug|.NET = Debug|.NET
		Debug|Any CPU = Debug|Any CPU
		Debug|Mixed Platforms = Debug|Mixed Platforms
		Debug|Win32 = Debug|Win32
		Release|.NET = Release|.NET
		Release|Any CPU = Release|Any CPU
		Release|Mixed Platforms = Release|Mixed Platforms
		Release|Win32 = Release|Win32
	EndGlobalSection
	GlobalSection(ProjectConfigurationPlatforms) = postSolution
		{943CE5C3-9B68-447E-9BB9-F95C9E2A4AE5}.Debug|.NET.ActiveCfg = Debug|Any CPU
		{943CE5C3-9B68-447E-9BB9-F95C9E2A4AE5}.Debug|Any CPU.ActiveCfg = Debug|Any CPU
		{943CE5C3-9B68-447E-9BB9-F95C9E2A4AE5}.Debug|Any CPU.Build.0 = Debug|Any CPU
		{943CE5C3-9B68-447E-9BB9-F95C9E2A4AE5}.Debug|Mixed Platforms.ActiveCfg = Debug|Any CPU
		{943CE5C3-9B68-447E-9BB9-F95C9E2A4AE5}.Debug|Mixed Platforms.Build.0 = Debug|Any CPU
		{943CE5C3-9B68-447E-9BB9-F95C9E2A4AE5}.Debug|Win32.ActiveCfg = Debug|Any CPU
		{943CE5C3-9B68-447E-9BB9-F95C9E2A4AE5}.Release|.NET.ActiveCfg = Release|Any CPU
		{943CE5C3-9B68-447E-9BB9-F95C9E2A4AE5}.Release|Any CPU.ActiveCfg = Release|Any CPU
		{943CE5C3-9B68-447E-9BB9-F95C9E2A4AE5}.Release|Any CPU.Build.0 = Release|Any CPU
		{943CE5C3-9B68-447E-9BB9-F95C9E2A4AE5}.Release|Mixed Platforms.ActiveCfg = Release|Any CPU
		{943CE5C3-9B68-447E-9BB9-F95C9E2A4AE5}.Release|Mixed Platforms.Build.0 = Release|Any CPU
		{943CE5C3-9B68-447E-9BB9-F95C9E2A4AE5}.Release|Win32.ActiveCfg = Release|Any CPU
		{F4723B21-C7CD-455C-B522-5329AB5BFD15}.Debug|.NET.ActiveCfg = Debug|Any CPU
		{F4723B21-C7CD-455C-B522-5329AB5BFD15}.Debug|Any CPU.ActiveCfg = Debug|Any CPU
		{F4723B21-C7CD-455C-B522-5329AB5BFD15}.Debug|Any CPU.Build.0 = Debug|Any CPU
		{F4723B21-C7CD-455C-B522-5329AB5BFD15}.Debug|Mixed Platforms.ActiveCfg = Debug|Any CPU
		{F4723B21-C7CD-455C-B522-5329AB5BFD15}.Debug|Mixed Platforms.Build.0 = Debug|Any CPU
		{F4723B21-C7CD-455C-B522-5329AB5BFD15}.Debug|Win32.ActiveCfg = Debug|Any CPU
		{F4723B21-C7CD-455C-B522-5329AB5BFD15}.Release|.NET.ActiveCfg = Release|Any CPU
		{F4723B21-C7CD-455C-B522-5329AB5BFD15}.Release|Any CPU.ActiveCfg = Release|Any CPU
		{F4723B21-C7CD-455C-B522-5329AB5BFD15}.Release|Any CPU.Build.0 = Release|Any CPU
		{F4723B21-C7CD-455C-B522-5329AB5BFD15}.Release|Mixed Platforms.ActiveCfg = Release|Any CPU
		{F4723B21-C7CD-455C-B522-5329AB5BFD15}.Release|Mixed Platforms.Build.0 = Release|Any CPU
		{F4723B21-C7CD-455C-B522-5329AB5BFD15}.Release|Win32.ActiveCfg = Release|Any CPU
		{9DCE0C0F-2B72-4B7F-94D1-1D50A26F55C3}.Debug|.NET.ActiveCfg = Debug|Any CPU
		{9DCE0C0F-2B72-4B7F-94D1-1D50A26F55C3}.Debug|Any CPU.ActiveCfg = Debug|Any CPU
		{9DCE0C0F-2B72-4B7F-94D1-1D50A26F55C3}.Debug|Any CPU.Build.0 = Debug|Any CPU
		{9DCE0C0F-2B72-4B7F-94D1-1D50A26F55C3}.Debug|Mixed Platforms.ActiveCfg = Debug|Any CPU
		{9DCE0C0F-2B72-4B7F-94D1-1D50A26F55C3}.Debug|Mixed Platforms.Build.0 = Debug|Any CPU
		{9DCE0C0F-2B72-4B7F-94D1-1D50A26F55C3}.Debug|Win32.ActiveCfg = Debug|Any CPU
		{9DCE0C0F-2B72-4B7F-94D1-1D50A26F55C3}.Release|.NET.ActiveCfg = Release|Any CPU
		{9DCE0C0F-2B72-4B7F-94D1-1D50A26F55C3}.Release|Any CPU.ActiveCfg = Release|Any CPU
		{9DCE0C0F-2B72-4B7F-94D1-1D50A26F55C3}.Release|Any CPU.Build.0 = Release|Any CPU
		{9DCE0C0F-2B72-4B7F-94D1-1D50A26F55C3}.Release|Mixed Platforms.ActiveCfg = Release|Any CPU
		{9DCE0C0F-2B72-4B7F-94D1-1D50A26F55C3}.Release|Mixed Platforms.Build.0 = Release|Any CPU
		{9DCE0C0F-2B72-4B7F-94D1-1D50A26F55C3}.Release|Win32.ActiveCfg = Release|Any CPU
		{E869F4AE-E68F-44E6-8F20-2D52C02DA19C}.Debug|.NET.ActiveCfg = Debug|Any CPU
		{E869F4AE-E68F-44E6-8F20-2D52C02DA19C}.Debug|Any CPU.ActiveCfg = Debug|Any CPU
		{E869F4AE-E68F-44E6-8F20-2D52C02DA19C}.Debug|Any CPU.Build.0 = Debug|Any CPU
		{E869F4AE-E68F-44E6-8F20-2D52C02DA19C}.Debug|Mixed Platforms.ActiveCfg = Debug|Any CPU
		{E869F4AE-E68F-44E6-8F20-2D52C02DA19C}.Debug|Mixed Platforms.Build.0 = Debug|Any CPU
		{E869F4AE-E68F-44E6-8F20-2D52C02DA19C}.Debug|Win32.ActiveCfg = Debug|Any CPU
		{E869F4AE-E68F-44E6-8F20-2D52C02DA19C}.Release|.NET.ActiveCfg = Release|Any CPU
		{E869F4AE-E68F-44E6-8F20-2D52C02DA19C}.Release|Any CPU.ActiveCfg = Release|Any CPU
		{E869F4AE-E68F-44E6-8F20-2D52C02DA19C}.Release|Any CPU.Build.0 = Release|Any CPU
		{E869F4AE-E68F-44E6-8F20-2D52C02DA19C}.Release|Mixed Platforms.ActiveCfg = Release|Any CPU
		{E869F4AE-E68F-44E6-8F20-2D52C02DA19C}.Release|Mixed Platforms.Build.0 = Release|Any CPU
		{E869F4AE-E68F-44E6-8F20-2D52C02DA19C}.Release|Win32.ActiveCfg = Release|Any CPU
		{68407BA6-657F-404A-89BD-38716C09ED7A}.Debug|.NET.ActiveCfg = Debug|Any CPU
		{68407BA6-657F-404A-89BD-38716C09ED7A}.Debug|Any CPU.ActiveCfg = Debug|Any CPU
		{68407BA6-657F-404A-89BD-38716C09ED7A}.Debug|Any CPU.Build.0 = Debug|Any CPU
		{68407BA6-657F-404A-89BD-38716C09ED7A}.Debug|Mixed Platforms.ActiveCfg = Debug|Any CPU
		{68407BA6-657F-404A-89BD-38716C09ED7A}.Debug|Mixed Platforms.Build.0 = Debug|Any CPU
		{68407BA6-657F-404A-89BD-38716C09ED7A}.Debug|Win32.ActiveCfg = Debug|Any CPU
		{68407BA6-657F-404A-89BD-38716C09ED7A}.Release|.NET.ActiveCfg = Release|Any CPU
		{68407BA6-657F-404A-89BD-38716C09ED7A}.Release|Any CPU.ActiveCfg = Release|Any CPU
		{68407BA6-657F-404A-89BD-38716C09ED7A}.Release|Any CPU.Build.0 = Release|Any CPU
		{68407BA6-657F-404A-89BD-38716C09ED7A}.Release|Mixed Platforms.ActiveCfg = Release|Any CPU
		{68407BA6-657F-404A-89BD-38716C09ED7A}.Release|Mixed Platforms.Build.0 = Release|Any CPU
		{68407BA6-657F-404A-89BD-38716C09ED7A}.Release|Win32.ActiveCfg = Release|Any CPU
		{6BC33FBD-4FDB-4937-B5DE-5B9EE98B55A8}.Debug|.NET.ActiveCfg = Debug|Any CPU
		{6BC33FBD-4FDB-4937-B5DE-5B9EE98B55A8}.Debug|Any CPU.ActiveCfg = Debug|Any CPU
		{6BC33FBD-4FDB-4937-B5DE-5B9EE98B55A8}.Debug|Any CPU.Build.0 = Debug|Any CPU
		{6BC33FBD-4FDB-4937-B5DE-5B9EE98B55A8}.Debug|Mixed Platforms.ActiveCfg = Debug|Any CPU
		{6BC33FBD-4FDB-4937-B5DE-5B9EE98B55A8}.Debug|Mixed Platforms.Build.0 = Debug|Any CPU
		{6BC33FBD-4FDB-4937-B5DE-5B9EE98B55A8}.Debug|Win32.ActiveCfg = Debug|Any CPU
		{6BC33FBD-4FDB-4937-B5DE-5B9EE98B55A8}.Release|.NET.ActiveCfg = Release|Any CPU
		{6BC33FBD-4FDB-4937-B5DE-5B9EE98B55A8}.Release|Any CPU.ActiveCfg = Release|Any CPU
		{6BC33FBD-4FDB-4937-B5DE-5B9EE98B55A8}.Release|Any CPU.Build.0 = Release|Any CPU
		{6BC33FBD-4FDB-4937-B5DE-5B9EE98B55A8}.Release|Mixed Platforms.ActiveCfg = Release|Any CPU
		{6BC33FBD-4FDB-4937-B5DE-5B9EE98B55A8}.Release|Mixed Platforms.Build.0 = Release|Any CPU
		{6BC33FBD-4FDB-4937-B5DE-5B9EE98B55A8}.Release|Win32.ActiveCfg = Release|Any CPU
		{023047AF-9B1D-410C-8C55-4CF9A1D42EFC}.Debug|.NET.ActiveCfg = Debug|Any CPU
		{023047AF-9B1D-410C-8C55-4CF9A1D42EFC}.Debug|Any CPU.ActiveCfg = Debug|Any CPU
		{023047AF-9B1D-410C-8C55-4CF9A1D42EFC}.Debug|Any CPU.Build.0 = Debug|Any CPU
		{023047AF-9B1D-410C-8C55-4CF9A1D42EFC}.Debug|Mixed Platforms.ActiveCfg = Debug|Any CPU
		{023047AF-9B1D-410C-8C55-4CF9A1D42EFC}.Debug|Mixed Platforms.Build.0 = Debug|Any CPU
		{023047AF-9B1D-410C-8C55-4CF9A1D42EFC}.Debug|Win32.ActiveCfg = Debug|Any CPU
		{023047AF-9B1D-410C-8C55-4CF9A1D42EFC}.Release|.NET.ActiveCfg = Release|Any CPU
		{023047AF-9B1D-410C-8C55-4CF9A1D42EFC}.Release|Any CPU.ActiveCfg = Release|Any CPU
		{023047AF-9B1D-410C-8C55-4CF9A1D42EFC}.Release|Any CPU.Build.0 = Release|Any CPU
		{023047AF-9B1D-410C-8C55-4CF9A1D42EFC}.Release|Mixed Platforms.ActiveCfg = Release|Any CPU
		{023047AF-9B1D-410C-8C55-4CF9A1D42EFC}.Release|Mixed Platforms.Build.0 = Release|Any CPU
		{023047AF-9B1D-410C-8C55-4CF9A1D42EFC}.Release|Win32.ActiveCfg = Release|Any CPU
		{1A729298-AD9C-4C18-B219-E985222F747E}.Debug|.NET.ActiveCfg = Debug|Any CPU
		{1A729298-AD9C-4C18-B219-E985222F747E}.Debug|Any CPU.ActiveCfg = Debug|Any CPU
		{1A729298-AD9C-4C18-B219-E985222F747E}.Debug|Any CPU.Build.0 = Debug|Any CPU
		{1A729298-AD9C-4C18-B219-E985222F747E}.Debug|Mixed Platforms.ActiveCfg = Debug|Any CPU
		{1A729298-AD9C-4C18-B219-E985222F747E}.Debug|Mixed Platforms.Build.0 = Debug|Any CPU
		{1A729298-AD9C-4C18-B219-E985222F747E}.Debug|Win32.ActiveCfg = Debug|Any CPU
		{1A729298-AD9C-4C18-B219-E985222F747E}.Release|.NET.ActiveCfg = Release|Any CPU
		{1A729298-AD9C-4C18-B219-E985222F747E}.Release|Any CPU.ActiveCfg = Release|Any CPU
		{1A729298-AD9C-4C18-B219-E985222F747E}.Release|Any CPU.Build.0 = Release|Any CPU
		{1A729298-AD9C-4C18-B219-E985222F747E}.Release|Mixed Platforms.ActiveCfg = Release|Any CPU
		{1A729298-AD9C-4C18-B219-E985222F747E}.Release|Mixed Platforms.Build.0 = Release|Any CPU
		{1A729298-AD9C-4C18-B219-E985222F747E}.Release|Win32.ActiveCfg = Release|Any CPU
		{E9C99E85-8C90-4724-B09B-34A55DB86D3F}.Debug|.NET.ActiveCfg = Debug|Any CPU
		{E9C99E85-8C90-4724-B09B-34A55DB86D3F}.Debug|Any CPU.ActiveCfg = Debug|Any CPU
		{E9C99E85-8C90-4724-B09B-34A55DB86D3F}.Debug|Any CPU.Build.0 = Debug|Any CPU
		{E9C99E85-8C90-4724-B09B-34A55DB86D3F}.Debug|Mixed Platforms.ActiveCfg = Debug|Any CPU
		{E9C99E85-8C90-4724-B09B-34A55DB86D3F}.Debug|Mixed Platforms.Build.0 = Debug|Any CPU
		{E9C99E85-8C90-4724-B09B-34A55DB86D3F}.Debug|Win32.ActiveCfg = Debug|Any CPU
		{E9C99E85-8C90-4724-B09B-34A55DB86D3F}.Release|.NET.ActiveCfg = Release|Any CPU
		{E9C99E85-8C90-4724-B09B-34A55DB86D3F}.Release|Any CPU.ActiveCfg = Release|Any CPU
		{E9C99E85-8C90-4724-B09B-34A55DB86D3F}.Release|Any CPU.Build.0 = Release|Any CPU
		{E9C99E85-8C90-4724-B09B-34A55DB86D3F}.Release|Mixed Platforms.ActiveCfg = Release|Any CPU
		{E9C99E85-8C90-4724-B09B-34A55DB86D3F}.Release|Mixed Platforms.Build.0 = Release|Any CPU
		{E9C99E85-8C90-4724-B09B-34A55DB86D3F}.Release|Win32.ActiveCfg = Release|Any CPU
		{D39A7836-5C38-437F-876A-4F39EBF4F155}.Debug|.NET.ActiveCfg = Debug|Win32
		{D39A7836-5C38-437F-876A-4F39EBF4F155}.Debug|Any CPU.ActiveCfg = Debug|Win32
		{D39A7836-5C38-437F-876A-4F39EBF4F155}.Debug|Mixed Platforms.ActiveCfg = Debug|Win32
		{D39A7836-5C38-437F-876A-4F39EBF4F155}.Debug|Mixed Platforms.Build.0 = Debug|Win32
		{D39A7836-5C38-437F-876A-4F39EBF4F155}.Debug|Win32.ActiveCfg = Debug|Win32
		{D39A7836-5C38-437F-876A-4F39EBF4F155}.Debug|Win32.Build.0 = Debug|Win32
		{D39A7836-5C38-437F-876A-4F39EBF4F155}.Release|.NET.ActiveCfg = Release|Win32
		{D39A7836-5C38-437F-876A-4F39EBF4F155}.Release|Any CPU.ActiveCfg = Release|Win32
		{D39A7836-5C38-437F-876A-4F39EBF4F155}.Release|Mixed Platforms.ActiveCfg = Release|Win32
		{D39A7836-5C38-437F-876A-4F39EBF4F155}.Release|Mixed Platforms.Build.0 = Release|Win32
		{D39A7836-5C38-437F-876A-4F39EBF4F155}.Release|Win32.ActiveCfg = Release|Win32
		{D39A7836-5C38-437F-876A-4F39EBF4F155}.Release|Win32.Build.0 = Release|Win32
		{4BF90585-74D8-453F-B823-DCACCD8F0999}.Debug|.NET.ActiveCfg = Debug|Any CPU
		{4BF90585-74D8-453F-B823-DCACCD8F0999}.Debug|Any CPU.ActiveCfg = Debug|Any CPU
		{4BF90585-74D8-453F-B823-DCACCD8F0999}.Debug|Any CPU.Build.0 = Debug|Any CPU
		{4BF90585-74D8-453F-B823-DCACCD8F0999}.Debug|Mixed Platforms.ActiveCfg = Debug|Any CPU
		{4BF90585-74D8-453F-B823-DCACCD8F0999}.Debug|Mixed Platforms.Build.0 = Debug|Any CPU
		{4BF90585-74D8-453F-B823-DCACCD8F0999}.Debug|Win32.ActiveCfg = Debug|Any CPU
		{4BF90585-74D8-453F-B823-DCACCD8F0999}.Release|.NET.ActiveCfg = Release|Any CPU
		{4BF90585-74D8-453F-B823-DCACCD8F0999}.Release|Any CPU.ActiveCfg = Release|Any CPU
		{4BF90585-74D8-453F-B823-DCACCD8F0999}.Release|Any CPU.Build.0 = Release|Any CPU
		{4BF90585-74D8-453F-B823-DCACCD8F0999}.Release|Mixed Platforms.ActiveCfg = Release|Any CPU
		{4BF90585-74D8-453F-B823-DCACCD8F0999}.Release|Mixed Platforms.Build.0 = Release|Any CPU
		{4BF90585-74D8-453F-B823-DCACCD8F0999}.Release|Win32.ActiveCfg = Release|Any CPU
		{72BD8B34-0B7E-4FD6-BBDE-076B1BBFBB3D}.Debug|.NET.ActiveCfg = Debug|Any CPU
		{72BD8B34-0B7E-4FD6-BBDE-076B1BBFBB3D}.Debug|Any CPU.ActiveCfg = Debug|Any CPU
		{72BD8B34-0B7E-4FD6-BBDE-076B1BBFBB3D}.Debug|Any CPU.Build.0 = Debug|Any CPU
		{72BD8B34-0B7E-4FD6-BBDE-076B1BBFBB3D}.Debug|Mixed Platforms.ActiveCfg = Debug|Any CPU
		{72BD8B34-0B7E-4FD6-BBDE-076B1BBFBB3D}.Debug|Mixed Platforms.Build.0 = Debug|Any CPU
		{72BD8B34-0B7E-4FD6-BBDE-076B1BBFBB3D}.Debug|Win32.ActiveCfg = Debug|Any CPU
		{72BD8B34-0B7E-4FD6-BBDE-076B1BBFBB3D}.Release|.NET.ActiveCfg = Release|Any CPU
		{72BD8B34-0B7E-4FD6-BBDE-076B1BBFBB3D}.Release|Any CPU.ActiveCfg = Release|Any CPU
		{72BD8B34-0B7E-4FD6-BBDE-076B1BBFBB3D}.Release|Any CPU.Build.0 = Release|Any CPU
		{72BD8B34-0B7E-4FD6-BBDE-076B1BBFBB3D}.Release|Mixed Platforms.ActiveCfg = Release|Any CPU
		{72BD8B34-0B7E-4FD6-BBDE-076B1BBFBB3D}.Release|Mixed Platforms.Build.0 = Release|Any CPU
		{72BD8B34-0B7E-4FD6-BBDE-076B1BBFBB3D}.Release|Win32.ActiveCfg = Release|Any CPU
		{0EA60056-2F5D-48CD-9A5F-34571E313C5C}.Debug|.NET.ActiveCfg = Debug|Any CPU
		{0EA60056-2F5D-48CD-9A5F-34571E313C5C}.Debug|Any CPU.ActiveCfg = Debug|Any CPU
		{0EA60056-2F5D-48CD-9A5F-34571E313C5C}.Debug|Any CPU.Build.0 = Debug|Any CPU
		{0EA60056-2F5D-48CD-9A5F-34571E313C5C}.Debug|Mixed Platforms.ActiveCfg = Debug|Any CPU
		{0EA60056-2F5D-48CD-9A5F-34571E313C5C}.Debug|Mixed Platforms.Build.0 = Debug|Any CPU
		{0EA60056-2F5D-48CD-9A5F-34571E313C5C}.Debug|Win32.ActiveCfg = Debug|Any CPU
		{0EA60056-2F5D-48CD-9A5F-34571E313C5C}.Release|.NET.ActiveCfg = Release|Any CPU
		{0EA60056-2F5D-48CD-9A5F-34571E313C5C}.Release|Any CPU.ActiveCfg = Release|Any CPU
		{0EA60056-2F5D-48CD-9A5F-34571E313C5C}.Release|Any CPU.Build.0 = Release|Any CPU
		{0EA60056-2F5D-48CD-9A5F-34571E313C5C}.Release|Mixed Platforms.ActiveCfg = Release|Any CPU
		{0EA60056-2F5D-48CD-9A5F-34571E313C5C}.Release|Mixed Platforms.Build.0 = Release|Any CPU
		{0EA60056-2F5D-48CD-9A5F-34571E313C5C}.Release|Win32.ActiveCfg = Release|Any CPU
		{29F6E845-FF32-4F21-B009-FD743D427DEC}.Debug|.NET.ActiveCfg = Debug|Any CPU
		{29F6E845-FF32-4F21-B009-FD743D427DEC}.Debug|Any CPU.ActiveCfg = Debug|Any CPU
		{29F6E845-FF32-4F21-B009-FD743D427DEC}.Debug|Any CPU.Build.0 = Debug|Any CPU
		{29F6E845-FF32-4F21-B009-FD743D427DEC}.Debug|Mixed Platforms.ActiveCfg = Debug|Any CPU
		{29F6E845-FF32-4F21-B009-FD743D427DEC}.Debug|Mixed Platforms.Build.0 = Debug|Any CPU
		{29F6E845-FF32-4F21-B009-FD743D427DEC}.Debug|Win32.ActiveCfg = Debug|Any CPU
		{29F6E845-FF32-4F21-B009-FD743D427DEC}.Release|.NET.ActiveCfg = Release|Any CPU
		{29F6E845-FF32-4F21-B009-FD743D427DEC}.Release|Any CPU.ActiveCfg = Release|Any CPU
		{29F6E845-FF32-4F21-B009-FD743D427DEC}.Release|Any CPU.Build.0 = Release|Any CPU
		{29F6E845-FF32-4F21-B009-FD743D427DEC}.Release|Mixed Platforms.ActiveCfg = Release|Any CPU
		{29F6E845-FF32-4F21-B009-FD743D427DEC}.Release|Mixed Platforms.Build.0 = Release|Any CPU
		{29F6E845-FF32-4F21-B009-FD743D427DEC}.Release|Win32.ActiveCfg = Release|Any CPU
		{4B61DF54-DEE0-4AF6-B398-729A44E7B9BE}.Debug|.NET.ActiveCfg = Debug|Any CPU
		{4B61DF54-DEE0-4AF6-B398-729A44E7B9BE}.Debug|Any CPU.ActiveCfg = Debug|Any CPU
		{4B61DF54-DEE0-4AF6-B398-729A44E7B9BE}.Debug|Any CPU.Build.0 = Debug|Any CPU
		{4B61DF54-DEE0-4AF6-B398-729A44E7B9BE}.Debug|Mixed Platforms.ActiveCfg = Debug|Any CPU
		{4B61DF54-DEE0-4AF6-B398-729A44E7B9BE}.Debug|Mixed Platforms.Build.0 = Debug|Any CPU
		{4B61DF54-DEE0-4AF6-B398-729A44E7B9BE}.Debug|Win32.ActiveCfg = Debug|Any CPU
		{4B61DF54-DEE0-4AF6-B398-729A44E7B9BE}.Release|.NET.ActiveCfg = Release|Any CPU
		{4B61DF54-DEE0-4AF6-B398-729A44E7B9BE}.Release|Any CPU.ActiveCfg = Release|Any CPU
		{4B61DF54-DEE0-4AF6-B398-729A44E7B9BE}.Release|Any CPU.Build.0 = Release|Any CPU
		{4B61DF54-DEE0-4AF6-B398-729A44E7B9BE}.Release|Mixed Platforms.ActiveCfg = Release|Any CPU
		{4B61DF54-DEE0-4AF6-B398-729A44E7B9BE}.Release|Mixed Platforms.Build.0 = Release|Any CPU
		{4B61DF54-DEE0-4AF6-B398-729A44E7B9BE}.Release|Win32.ActiveCfg = Release|Any CPU
		{B1899F82-EB35-4383-8B77-BBF381913C11}.Debug|.NET.ActiveCfg = Debug|Any CPU
		{B1899F82-EB35-4383-8B77-BBF381913C11}.Debug|Any CPU.ActiveCfg = Debug|Any CPU
		{B1899F82-EB35-4383-8B77-BBF381913C11}.Debug|Any CPU.Build.0 = Debug|Any CPU
		{B1899F82-EB35-4383-8B77-BBF381913C11}.Debug|Mixed Platforms.ActiveCfg = Debug|Any CPU
		{B1899F82-EB35-4383-8B77-BBF381913C11}.Debug|Mixed Platforms.Build.0 = Debug|Any CPU
		{B1899F82-EB35-4383-8B77-BBF381913C11}.Debug|Win32.ActiveCfg = Debug|Any CPU
		{B1899F82-EB35-4383-8B77-BBF381913C11}.Release|.NET.ActiveCfg = Release|Any CPU
		{B1899F82-EB35-4383-8B77-BBF381913C11}.Release|Any CPU.ActiveCfg = Release|Any CPU
		{B1899F82-EB35-4383-8B77-BBF381913C11}.Release|Any CPU.Build.0 = Release|Any CPU
		{B1899F82-EB35-4383-8B77-BBF381913C11}.Release|Mixed Platforms.ActiveCfg = Release|Any CPU
		{B1899F82-EB35-4383-8B77-BBF381913C11}.Release|Mixed Platforms.Build.0 = Release|Any CPU
		{B1899F82-EB35-4383-8B77-BBF381913C11}.Release|Win32.ActiveCfg = Release|Any CPU
		{9ED3E32B-A2AE-4966-A205-EB5D6758CD12}.Debug|.NET.ActiveCfg = Debug|Any CPU
		{9ED3E32B-A2AE-4966-A205-EB5D6758CD12}.Debug|Any CPU.ActiveCfg = Debug|Any CPU
		{9ED3E32B-A2AE-4966-A205-EB5D6758CD12}.Debug|Any CPU.Build.0 = Debug|Any CPU
		{9ED3E32B-A2AE-4966-A205-EB5D6758CD12}.Debug|Mixed Platforms.ActiveCfg = Debug|Any CPU
		{9ED3E32B-A2AE-4966-A205-EB5D6758CD12}.Debug|Mixed Platforms.Build.0 = Debug|Any CPU
		{9ED3E32B-A2AE-4966-A205-EB5D6758CD12}.Debug|Win32.ActiveCfg = Debug|Any CPU
		{9ED3E32B-A2AE-4966-A205-EB5D6758CD12}.Release|.NET.ActiveCfg = Release|Any CPU
		{9ED3E32B-A2AE-4966-A205-EB5D6758CD12}.Release|Any CPU.ActiveCfg = Release|Any CPU
		{9ED3E32B-A2AE-4966-A205-EB5D6758CD12}.Release|Any CPU.Build.0 = Release|Any CPU
		{9ED3E32B-A2AE-4966-A205-EB5D6758CD12}.Release|Mixed Platforms.ActiveCfg = Release|Any CPU
		{9ED3E32B-A2AE-4966-A205-EB5D6758CD12}.Release|Mixed Platforms.Build.0 = Release|Any CPU
		{9ED3E32B-A2AE-4966-A205-EB5D6758CD12}.Release|Win32.ActiveCfg = Release|Any CPU
		{9D65E2F1-9E00-417D-ADAD-BB81CE7FBCC8}.Debug|.NET.ActiveCfg = Debug|Any CPU
		{9D65E2F1-9E00-417D-ADAD-BB81CE7FBCC8}.Debug|Any CPU.ActiveCfg = Debug|Any CPU
		{9D65E2F1-9E00-417D-ADAD-BB81CE7FBCC8}.Debug|Any CPU.Build.0 = Debug|Any CPU
		{9D65E2F1-9E00-417D-ADAD-BB81CE7FBCC8}.Debug|Mixed Platforms.ActiveCfg = Debug|Any CPU
		{9D65E2F1-9E00-417D-ADAD-BB81CE7FBCC8}.Debug|Mixed Platforms.Build.0 = Debug|Any CPU
		{9D65E2F1-9E00-417D-ADAD-BB81CE7FBCC8}.Debug|Win32.ActiveCfg = Debug|Any CPU
		{9D65E2F1-9E00-417D-ADAD-BB81CE7FBCC8}.Release|.NET.ActiveCfg = Release|Any CPU
		{9D65E2F1-9E00-417D-ADAD-BB81CE7FBCC8}.Release|Any CPU.ActiveCfg = Release|Any CPU
		{9D65E2F1-9E00-417D-ADAD-BB81CE7FBCC8}.Release|Any CPU.Build.0 = Release|Any CPU
		{9D65E2F1-9E00-417D-ADAD-BB81CE7FBCC8}.Release|Mixed Platforms.ActiveCfg = Release|Any CPU
		{9D65E2F1-9E00-417D-ADAD-BB81CE7FBCC8}.Release|Mixed Platforms.Build.0 = Release|Any CPU
		{9D65E2F1-9E00-417D-ADAD-BB81CE7FBCC8}.Release|Win32.ActiveCfg = Release|Any CPU
		{C3F283FD-E2FA-40C6-B626-864C3835AB49}.Debug|.NET.ActiveCfg = Debug|Any CPU
		{C3F283FD-E2FA-40C6-B626-864C3835AB49}.Debug|Any CPU.ActiveCfg = Debug|Any CPU
		{C3F283FD-E2FA-40C6-B626-864C3835AB49}.Debug|Any CPU.Build.0 = Debug|Any CPU
		{C3F283FD-E2FA-40C6-B626-864C3835AB49}.Debug|Mixed Platforms.ActiveCfg = Debug|Any CPU
		{C3F283FD-E2FA-40C6-B626-864C3835AB49}.Debug|Mixed Platforms.Build.0 = Debug|Any CPU
		{C3F283FD-E2FA-40C6-B626-864C3835AB49}.Debug|Win32.ActiveCfg = Debug|Any CPU
		{C3F283FD-E2FA-40C6-B626-864C3835AB49}.Release|.NET.ActiveCfg = Release|Any CPU
		{C3F283FD-E2FA-40C6-B626-864C3835AB49}.Release|Any CPU.ActiveCfg = Release|Any CPU
		{C3F283FD-E2FA-40C6-B626-864C3835AB49}.Release|Any CPU.Build.0 = Release|Any CPU
		{C3F283FD-E2FA-40C6-B626-864C3835AB49}.Release|Mixed Platforms.ActiveCfg = Release|Any CPU
		{C3F283FD-E2FA-40C6-B626-864C3835AB49}.Release|Mixed Platforms.Build.0 = Release|Any CPU
		{C3F283FD-E2FA-40C6-B626-864C3835AB49}.Release|Win32.ActiveCfg = Release|Any CPU
		{C1F6B05A-82A7-4661-B16D-A2981003B074}.Debug|.NET.ActiveCfg = Debug|Any CPU
		{C1F6B05A-82A7-4661-B16D-A2981003B074}.Debug|Any CPU.ActiveCfg = Debug|Any CPU
		{C1F6B05A-82A7-4661-B16D-A2981003B074}.Debug|Any CPU.Build.0 = Debug|Any CPU
		{C1F6B05A-82A7-4661-B16D-A2981003B074}.Debug|Mixed Platforms.ActiveCfg = Debug|Any CPU
		{C1F6B05A-82A7-4661-B16D-A2981003B074}.Debug|Mixed Platforms.Build.0 = Debug|Any CPU
		{C1F6B05A-82A7-4661-B16D-A2981003B074}.Debug|Win32.ActiveCfg = Debug|Any CPU
		{C1F6B05A-82A7-4661-B16D-A2981003B074}.Release|.NET.ActiveCfg = Release|Any CPU
		{C1F6B05A-82A7-4661-B16D-A2981003B074}.Release|Any CPU.ActiveCfg = Release|Any CPU
		{C1F6B05A-82A7-4661-B16D-A2981003B074}.Release|Any CPU.Build.0 = Release|Any CPU
		{C1F6B05A-82A7-4661-B16D-A2981003B074}.Release|Mixed Platforms.ActiveCfg = Release|Any CPU
		{C1F6B05A-82A7-4661-B16D-A2981003B074}.Release|Mixed Platforms.Build.0 = Release|Any CPU
		{C1F6B05A-82A7-4661-B16D-A2981003B074}.Release|Win32.ActiveCfg = Release|Any CPU
		{713EC6A8-2AD6-47E7-83C8-BF5D1CD25F38}.Debug|.NET.ActiveCfg = Debug|Any CPU
		{713EC6A8-2AD6-47E7-83C8-BF5D1CD25F38}.Debug|Any CPU.ActiveCfg = Debug|Any CPU
		{713EC6A8-2AD6-47E7-83C8-BF5D1CD25F38}.Debug|Any CPU.Build.0 = Debug|Any CPU
		{713EC6A8-2AD6-47E7-83C8-BF5D1CD25F38}.Debug|Mixed Platforms.ActiveCfg = Debug|Any CPU
		{713EC6A8-2AD6-47E7-83C8-BF5D1CD25F38}.Debug|Mixed Platforms.Build.0 = Debug|Any CPU
		{713EC6A8-2AD6-47E7-83C8-BF5D1CD25F38}.Debug|Win32.ActiveCfg = Debug|Any CPU
		{713EC6A8-2AD6-47E7-83C8-BF5D1CD25F38}.Release|.NET.ActiveCfg = Release|Any CPU
		{713EC6A8-2AD6-47E7-83C8-BF5D1CD25F38}.Release|Any CPU.ActiveCfg = Release|Any CPU
		{713EC6A8-2AD6-47E7-83C8-BF5D1CD25F38}.Release|Any CPU.Build.0 = Release|Any CPU
		{713EC6A8-2AD6-47E7-83C8-BF5D1CD25F38}.Release|Mixed Platforms.ActiveCfg = Release|Any CPU
		{713EC6A8-2AD6-47E7-83C8-BF5D1CD25F38}.Release|Mixed Platforms.Build.0 = Release|Any CPU
		{713EC6A8-2AD6-47E7-83C8-BF5D1CD25F38}.Release|Win32.ActiveCfg = Release|Any CPU
		{64A9B718-EE85-47EA-817C-D21A4F05DFE5}.Debug|.NET.ActiveCfg = Debug|Any CPU
		{64A9B718-EE85-47EA-817C-D21A4F05DFE5}.Debug|Any CPU.ActiveCfg = Debug|Any CPU
		{64A9B718-EE85-47EA-817C-D21A4F05DFE5}.Debug|Any CPU.Build.0 = Debug|Any CPU
		{64A9B718-EE85-47EA-817C-D21A4F05DFE5}.Debug|Mixed Platforms.ActiveCfg = Debug|Any CPU
		{64A9B718-EE85-47EA-817C-D21A4F05DFE5}.Debug|Mixed Platforms.Build.0 = Debug|Any CPU
		{64A9B718-EE85-47EA-817C-D21A4F05DFE5}.Debug|Win32.ActiveCfg = Debug|Any CPU
		{64A9B718-EE85-47EA-817C-D21A4F05DFE5}.Release|.NET.ActiveCfg = Release|Any CPU
		{64A9B718-EE85-47EA-817C-D21A4F05DFE5}.Release|Any CPU.ActiveCfg = Release|Any CPU
		{64A9B718-EE85-47EA-817C-D21A4F05DFE5}.Release|Any CPU.Build.0 = Release|Any CPU
		{64A9B718-EE85-47EA-817C-D21A4F05DFE5}.Release|Mixed Platforms.ActiveCfg = Release|Any CPU
		{64A9B718-EE85-47EA-817C-D21A4F05DFE5}.Release|Mixed Platforms.Build.0 = Release|Any CPU
		{64A9B718-EE85-47EA-817C-D21A4F05DFE5}.Release|Win32.ActiveCfg = Release|Any CPU
		{7ABF7D1C-110E-488D-B142-C88FC0A6D76E}.Debug|.NET.ActiveCfg = Debug|Any CPU
		{7ABF7D1C-110E-488D-B142-C88FC0A6D76E}.Debug|Any CPU.ActiveCfg = Debug|Any CPU
		{7ABF7D1C-110E-488D-B142-C88FC0A6D76E}.Debug|Any CPU.Build.0 = Debug|Any CPU
		{7ABF7D1C-110E-488D-B142-C88FC0A6D76E}.Debug|Mixed Platforms.ActiveCfg = Debug|Any CPU
		{7ABF7D1C-110E-488D-B142-C88FC0A6D76E}.Debug|Mixed Platforms.Build.0 = Debug|Any CPU
		{7ABF7D1C-110E-488D-B142-C88FC0A6D76E}.Debug|Win32.ActiveCfg = Debug|Any CPU
		{7ABF7D1C-110E-488D-B142-C88FC0A6D76E}.Release|.NET.ActiveCfg = Release|Any CPU
		{7ABF7D1C-110E-488D-B142-C88FC0A6D76E}.Release|Any CPU.ActiveCfg = Release|Any CPU
		{7ABF7D1C-110E-488D-B142-C88FC0A6D76E}.Release|Any CPU.Build.0 = Release|Any CPU
		{7ABF7D1C-110E-488D-B142-C88FC0A6D76E}.Release|Mixed Platforms.ActiveCfg = Release|Any CPU
		{7ABF7D1C-110E-488D-B142-C88FC0A6D76E}.Release|Mixed Platforms.Build.0 = Release|Any CPU
		{7ABF7D1C-110E-488D-B142-C88FC0A6D76E}.Release|Win32.ActiveCfg = Release|Any CPU
		{70C43FED-E5B2-4D76-ACDB-78C2495EDA9B}.Debug|.NET.ActiveCfg = Debug|Any CPU
		{70C43FED-E5B2-4D76-ACDB-78C2495EDA9B}.Debug|Any CPU.ActiveCfg = Debug|Any CPU
		{70C43FED-E5B2-4D76-ACDB-78C2495EDA9B}.Debug|Any CPU.Build.0 = Debug|Any CPU
		{70C43FED-E5B2-4D76-ACDB-78C2495EDA9B}.Debug|Mixed Platforms.ActiveCfg = Debug|Any CPU
		{70C43FED-E5B2-4D76-ACDB-78C2495EDA9B}.Debug|Mixed Platforms.Build.0 = Debug|Any CPU
		{70C43FED-E5B2-4D76-ACDB-78C2495EDA9B}.Debug|Win32.ActiveCfg = Debug|Any CPU
		{70C43FED-E5B2-4D76-ACDB-78C2495EDA9B}.Release|.NET.ActiveCfg = Release|Any CPU
		{70C43FED-E5B2-4D76-ACDB-78C2495EDA9B}.Release|Any CPU.ActiveCfg = Release|Any CPU
		{70C43FED-E5B2-4D76-ACDB-78C2495EDA9B}.Release|Any CPU.Build.0 = Release|Any CPU
		{70C43FED-E5B2-4D76-ACDB-78C2495EDA9B}.Release|Mixed Platforms.ActiveCfg = Release|Any CPU
		{70C43FED-E5B2-4D76-ACDB-78C2495EDA9B}.Release|Mixed Platforms.Build.0 = Release|Any CPU
		{70C43FED-E5B2-4D76-ACDB-78C2495EDA9B}.Release|Win32.ActiveCfg = Release|Any CPU
		{B9073AC2-C435-4828-969C-C6FC1D9791A3}.Debug|.NET.ActiveCfg = Debug|Any CPU
		{B9073AC2-C435-4828-969C-C6FC1D9791A3}.Debug|Any CPU.ActiveCfg = Debug|Any CPU
		{B9073AC2-C435-4828-969C-C6FC1D9791A3}.Debug|Any CPU.Build.0 = Debug|Any CPU
		{B9073AC2-C435-4828-969C-C6FC1D9791A3}.Debug|Mixed Platforms.ActiveCfg = Debug|Any CPU
		{B9073AC2-C435-4828-969C-C6FC1D9791A3}.Debug|Mixed Platforms.Build.0 = Debug|Any CPU
		{B9073AC2-C435-4828-969C-C6FC1D9791A3}.Debug|Win32.ActiveCfg = Debug|Any CPU
		{B9073AC2-C435-4828-969C-C6FC1D9791A3}.Release|.NET.ActiveCfg = Release|Any CPU
		{B9073AC2-C435-4828-969C-C6FC1D9791A3}.Release|Any CPU.ActiveCfg = Release|Any CPU
		{B9073AC2-C435-4828-969C-C6FC1D9791A3}.Release|Any CPU.Build.0 = Release|Any CPU
		{B9073AC2-C435-4828-969C-C6FC1D9791A3}.Release|Mixed Platforms.ActiveCfg = Release|Any CPU
		{B9073AC2-C435-4828-969C-C6FC1D9791A3}.Release|Mixed Platforms.Build.0 = Release|Any CPU
		{B9073AC2-C435-4828-969C-C6FC1D9791A3}.Release|Win32.ActiveCfg = Release|Any CPU
		{B4787226-3A31-4524-A3BE-7E8098AF94CB}.Debug|.NET.ActiveCfg = Debug|Any CPU
		{B4787226-3A31-4524-A3BE-7E8098AF94CB}.Debug|Any CPU.ActiveCfg = Debug|Any CPU
		{B4787226-3A31-4524-A3BE-7E8098AF94CB}.Debug|Any CPU.Build.0 = Debug|Any CPU
		{B4787226-3A31-4524-A3BE-7E8098AF94CB}.Debug|Mixed Platforms.ActiveCfg = Debug|Any CPU
		{B4787226-3A31-4524-A3BE-7E8098AF94CB}.Debug|Mixed Platforms.Build.0 = Debug|Any CPU
		{B4787226-3A31-4524-A3BE-7E8098AF94CB}.Debug|Win32.ActiveCfg = Debug|Any CPU
		{B4787226-3A31-4524-A3BE-7E8098AF94CB}.Release|.NET.ActiveCfg = Release|Any CPU
		{B4787226-3A31-4524-A3BE-7E8098AF94CB}.Release|Any CPU.ActiveCfg = Release|Any CPU
		{B4787226-3A31-4524-A3BE-7E8098AF94CB}.Release|Any CPU.Build.0 = Release|Any CPU
		{B4787226-3A31-4524-A3BE-7E8098AF94CB}.Release|Mixed Platforms.ActiveCfg = Release|Any CPU
		{B4787226-3A31-4524-A3BE-7E8098AF94CB}.Release|Mixed Platforms.Build.0 = Release|Any CPU
		{B4787226-3A31-4524-A3BE-7E8098AF94CB}.Release|Win32.ActiveCfg = Release|Any CPU
		{3A491873-2A07-4099-80E5-BB4833B6A8DD}.Debug|.NET.ActiveCfg = Debug|Any CPU
		{3A491873-2A07-4099-80E5-BB4833B6A8DD}.Debug|.NET.Build.0 = Debug|Any CPU
		{3A491873-2A07-4099-80E5-BB4833B6A8DD}.Debug|Any CPU.ActiveCfg = Debug|Any CPU
		{3A491873-2A07-4099-80E5-BB4833B6A8DD}.Debug|Any CPU.Build.0 = Debug|Any CPU
		{3A491873-2A07-4099-80E5-BB4833B6A8DD}.Debug|Mixed Platforms.ActiveCfg = Debug|Any CPU
		{3A491873-2A07-4099-80E5-BB4833B6A8DD}.Debug|Mixed Platforms.Build.0 = Debug|Any CPU
		{3A491873-2A07-4099-80E5-BB4833B6A8DD}.Debug|Win32.ActiveCfg = Debug|Any CPU
		{3A491873-2A07-4099-80E5-BB4833B6A8DD}.Debug|Win32.Build.0 = Debug|Any CPU
		{3A491873-2A07-4099-80E5-BB4833B6A8DD}.Release|.NET.ActiveCfg = Release|Any CPU
		{3A491873-2A07-4099-80E5-BB4833B6A8DD}.Release|.NET.Build.0 = Release|Any CPU
		{3A491873-2A07-4099-80E5-BB4833B6A8DD}.Release|Any CPU.ActiveCfg = Release|Any CPU
		{3A491873-2A07-4099-80E5-BB4833B6A8DD}.Release|Any CPU.Build.0 = Release|Any CPU
		{3A491873-2A07-4099-80E5-BB4833B6A8DD}.Release|Mixed Platforms.ActiveCfg = Release|Any CPU
		{3A491873-2A07-4099-80E5-BB4833B6A8DD}.Release|Mixed Platforms.Build.0 = Release|Any CPU
		{3A491873-2A07-4099-80E5-BB4833B6A8DD}.Release|Win32.ActiveCfg = Release|Any CPU
		{3A491873-2A07-4099-80E5-BB4833B6A8DD}.Release|Win32.Build.0 = Release|Any CPU
		{100B380B-F3E4-4B11-A924-E6DBF928C4B5}.Debug|.NET.ActiveCfg = Debug|Any CPU
		{100B380B-F3E4-4B11-A924-E6DBF928C4B5}.Debug|.NET.Build.0 = Debug|Any CPU
		{100B380B-F3E4-4B11-A924-E6DBF928C4B5}.Debug|Any CPU.ActiveCfg = Debug|Any CPU
		{100B380B-F3E4-4B11-A924-E6DBF928C4B5}.Debug|Any CPU.Build.0 = Debug|Any CPU
		{100B380B-F3E4-4B11-A924-E6DBF928C4B5}.Debug|Mixed Platforms.ActiveCfg = Debug|Any CPU
		{100B380B-F3E4-4B11-A924-E6DBF928C4B5}.Debug|Mixed Platforms.Build.0 = Debug|Any CPU
		{100B380B-F3E4-4B11-A924-E6DBF928C4B5}.Debug|Win32.ActiveCfg = Debug|Any CPU
		{100B380B-F3E4-4B11-A924-E6DBF928C4B5}.Debug|Win32.Build.0 = Debug|Any CPU
		{100B380B-F3E4-4B11-A924-E6DBF928C4B5}.Release|.NET.ActiveCfg = Release|Any CPU
		{100B380B-F3E4-4B11-A924-E6DBF928C4B5}.Release|.NET.Build.0 = Release|Any CPU
		{100B380B-F3E4-4B11-A924-E6DBF928C4B5}.Release|Any CPU.ActiveCfg = Release|Any CPU
		{100B380B-F3E4-4B11-A924-E6DBF928C4B5}.Release|Any CPU.Build.0 = Release|Any CPU
		{100B380B-F3E4-4B11-A924-E6DBF928C4B5}.Release|Mixed Platforms.ActiveCfg = Release|Any CPU
		{100B380B-F3E4-4B11-A924-E6DBF928C4B5}.Release|Mixed Platforms.Build.0 = Release|Any CPU
		{100B380B-F3E4-4B11-A924-E6DBF928C4B5}.Release|Win32.ActiveCfg = Release|Any CPU
		{100B380B-F3E4-4B11-A924-E6DBF928C4B5}.Release|Win32.Build.0 = Release|Any CPU
	EndGlobalSection
	GlobalSection(SolutionProperties) = preSolution
		HideSolutionNode = FALSE
	EndGlobalSection
EndGlobal
