
Microsoft Visual Studio Solution File, Format Version 10.00
# Visual Studio 2008
Project("{FAE04EC0-301F-11D3-BF4B-00C04F79EFBC}") = "Operationen", "Operationen.csproj", "{E869F4AE-E68F-44E6-8F20-2D52C02DA19C}"
EndProject
Project("{FAE04EC0-301F-11D3-BF4B-00C04F79EFBC}") = "OperationenImport", "OperationenImport\OperationenImport.csproj", "{68407BA6-657F-404A-89BD-38716C09ED7A}"
EndProject
Project("{FAE04EC0-301F-11D3-BF4B-00C04F79EFBC}") = "AppFramework", "..\..\AppFramework\AppFramework.csproj", "{F4723B21-C7CD-455C-B522-5329AB5BFD15}"
EndProject
Project("{FAE04EC0-301F-11D3-BF4B-00C04F79EFBC}") = "Forms", "..\..\Windows\Forms\Forms.csproj", "{9DCE0C0F-2B72-4B7F-94D1-1D50A26F55C3}"
EndProject
Project("{FAE04EC0-301F-11D3-BF4B-00C04F79EFBC}") = "OperationenAppFramework", "OperationenAppFramework\OperationenAppFramework.csproj", "{713EC6A8-2AD6-47E7-83C8-BF5D1CD25F38}"
EndProject
Project("{FAE04EC0-301F-11D3-BF4B-00C04F79EFBC}") = "Sekurity", "..\..\Security\Sekurity.csproj", "{9D65E2F1-9E00-417D-ADAD-BB81CE7FBCC8}"
EndProject
Project("{FAE04EC0-301F-11D3-BF4B-00C04F79EFBC}") = "Utility", "..\..\Utility\Utility.csproj", "{943CE5C3-9B68-447E-9BB9-F95C9E2A4AE5}"
EndProject
Project("{FAE04EC0-301F-11D3-BF4B-00C04F79EFBC}") = "SetupData", "SetupData\SetupData.csproj", "{E9C99E85-8C90-4724-B09B-34A55DB86D3F}"
EndProject
Project("{FAE04EC0-301F-11D3-BF4B-00C04F79EFBC}") = "LogbuchStrings", "LogbuchStrings\LogbuchStrings.csproj", "{50188CC7-28AE-4751-B85F-6F524376F40F}"
EndProject
Project("{FAE04EC0-301F-11D3-BF4B-00C04F79EFBC}") = "Logbuch", "aspx\Logbuch\Logbuch.csproj", "{F417FE14-4093-44B4-95C9-F8CF1A4DE21C}"
EndProject
Global
	GlobalSection(SolutionConfigurationPlatforms) = preSolution
		Debug|Any CPU = Debug|Any CPU
		Release|Any CPU = Release|Any CPU
	EndGlobalSection
	GlobalSection(ProjectConfigurationPlatforms) = postSolution
		{E869F4AE-E68F-44E6-8F20-2D52C02DA19C}.Debug|Any CPU.ActiveCfg = Debug|Any CPU
		{E869F4AE-E68F-44E6-8F20-2D52C02DA19C}.Debug|Any CPU.Build.0 = Debug|Any CPU
		{E869F4AE-E68F-44E6-8F20-2D52C02DA19C}.Release|Any CPU.ActiveCfg = Release|Any CPU
		{E869F4AE-E68F-44E6-8F20-2D52C02DA19C}.Release|Any CPU.Build.0 = Release|Any CPU
		{68407BA6-657F-404A-89BD-38716C09ED7A}.Debug|Any CPU.ActiveCfg = Debug|Any CPU
		{68407BA6-657F-404A-89BD-38716C09ED7A}.Debug|Any CPU.Build.0 = Debug|Any CPU
		{68407BA6-657F-404A-89BD-38716C09ED7A}.Release|Any CPU.ActiveCfg = Release|Any CPU
		{68407BA6-657F-404A-89BD-38716C09ED7A}.Release|Any CPU.Build.0 = Release|Any CPU
		{F4723B21-C7CD-455C-B522-5329AB5BFD15}.Debug|Any CPU.ActiveCfg = Debug|Any CPU
		{F4723B21-C7CD-455C-B522-5329AB5BFD15}.Debug|Any CPU.Build.0 = Debug|Any CPU
		{F4723B21-C7CD-455C-B522-5329AB5BFD15}.Release|Any CPU.ActiveCfg = Release|Any CPU
		{F4723B21-C7CD-455C-B522-5329AB5BFD15}.Release|Any CPU.Build.0 = Release|Any CPU
		{9DCE0C0F-2B72-4B7F-94D1-1D50A26F55C3}.Debug|Any CPU.ActiveCfg = Debug|Any CPU
		{9DCE0C0F-2B72-4B7F-94D1-1D50A26F55C3}.Debug|Any CPU.Build.0 = Debug|Any CPU
		{9DCE0C0F-2B72-4B7F-94D1-1D50A26F55C3}.Release|Any CPU.ActiveCfg = Release|Any CPU
		{9DCE0C0F-2B72-4B7F-94D1-1D50A26F55C3}.Release|Any CPU.Build.0 = Release|Any CPU
		{713EC6A8-2AD6-47E7-83C8-BF5D1CD25F38}.Debug|Any CPU.ActiveCfg = Debug|Any CPU
		{713EC6A8-2AD6-47E7-83C8-BF5D1CD25F38}.Debug|Any CPU.Build.0 = Debug|Any CPU
		{713EC6A8-2AD6-47E7-83C8-BF5D1CD25F38}.Release|Any CPU.ActiveCfg = Release|Any CPU
		{713EC6A8-2AD6-47E7-83C8-BF5D1CD25F38}.Release|Any CPU.Build.0 = Release|Any CPU
		{9D65E2F1-9E00-417D-ADAD-BB81CE7FBCC8}.Debug|Any CPU.ActiveCfg = Debug|Any CPU
		{9D65E2F1-9E00-417D-ADAD-BB81CE7FBCC8}.Debug|Any CPU.Build.0 = Debug|Any CPU
		{9D65E2F1-9E00-417D-ADAD-BB81CE7FBCC8}.Release|Any CPU.ActiveCfg = Release|Any CPU
		{9D65E2F1-9E00-417D-ADAD-BB81CE7FBCC8}.Release|Any CPU.Build.0 = Release|Any CPU
		{943CE5C3-9B68-447E-9BB9-F95C9E2A4AE5}.Debug|Any CPU.ActiveCfg = Debug|Any CPU
		{943CE5C3-9B68-447E-9BB9-F95C9E2A4AE5}.Debug|Any CPU.Build.0 = Debug|Any CPU
		{943CE5C3-9B68-447E-9BB9-F95C9E2A4AE5}.Release|Any CPU.ActiveCfg = Release|Any CPU
		{943CE5C3-9B68-447E-9BB9-F95C9E2A4AE5}.Release|Any CPU.Build.0 = Release|Any CPU
		{E9C99E85-8C90-4724-B09B-34A55DB86D3F}.Debug|Any CPU.ActiveCfg = Debug|Any CPU
		{E9C99E85-8C90-4724-B09B-34A55DB86D3F}.Debug|Any CPU.Build.0 = Debug|Any CPU
		{E9C99E85-8C90-4724-B09B-34A55DB86D3F}.Release|Any CPU.ActiveCfg = Release|Any CPU
		{E9C99E85-8C90-4724-B09B-34A55DB86D3F}.Release|Any CPU.Build.0 = Release|Any CPU
		{50188CC7-28AE-4751-B85F-6F524376F40F}.Debug|Any CPU.ActiveCfg = Debug|Any CPU
		{50188CC7-28AE-4751-B85F-6F524376F40F}.Debug|Any CPU.Build.0 = Debug|Any CPU
		{50188CC7-28AE-4751-B85F-6F524376F40F}.Release|Any CPU.ActiveCfg = Release|Any CPU
		{50188CC7-28AE-4751-B85F-6F524376F40F}.Release|Any CPU.Build.0 = Release|Any CPU
		{F417FE14-4093-44B4-95C9-F8CF1A4DE21C}.Debug|Any CPU.ActiveCfg = Debug|Any CPU
		{F417FE14-4093-44B4-95C9-F8CF1A4DE21C}.Debug|Any CPU.Build.0 = Debug|Any CPU
		{F417FE14-4093-44B4-95C9-F8CF1A4DE21C}.Release|Any CPU.ActiveCfg = Release|Any CPU
		{F417FE14-4093-44B4-95C9-F8CF1A4DE21C}.Release|Any CPU.Build.0 = Release|Any CPU
	EndGlobalSection
	GlobalSection(SolutionProperties) = preSolution
		HideSolutionNode = FALSE
	EndGlobalSection
EndGlobal
