
Microsoft Visual Studio Solution File, Format Version 12.00
# Visual Studio 14
VisualStudioVersion = 14.0.25420.1
MinimumVisualStudioVersion = 10.0.40219.1
Project("{FAE04EC0-301F-11D3-BF4B-00C04F79EFBC}") = "OperationenImportSdk", "OperationenImport\OperationenImportSdk.csproj", "{92316D9C-3FDB-4BE1-88E4-DC42839A8581}"
EndProject
Project("{FAE04EC0-301F-11D3-BF4B-00C04F79EFBC}") = "OperationenImportCSVSdk", "OperationenImportCSV\OperationenImportCSVSdk.csproj", "{6BC33FBD-4FDB-4937-B5DE-5B9EE98B55A8}"
EndProject
Project("{FAE04EC0-301F-11D3-BF4B-00C04F79EFBC}") = "OperationenImportCSVUnicodeSdk", "OperationenImportCSVUnicode\OperationenImportCSVUnicodeSdk.csproj", "{0EA60056-2F5D-48CD-9A5F-34571E313C5C}"
EndProject
Project("{FAE04EC0-301F-11D3-BF4B-00C04F79EFBC}") = "OperationenImportIcpm3Op3CSVSdk", "OperationenImportIcpm3Op3CSV\OperationenImportIcpm3Op3CSVSdk.csproj", "{4BF90585-74D8-453F-B823-DCACCD8F0999}"
EndProject
Project("{FAE04EC0-301F-11D3-BF4B-00C04F79EFBC}") = "OperationenImportIcpm3Op3CSVUnicodeSdk", "OperationenImportIcpm3Op3CSVUnicode\OperationenImportIcpm3Op3CSVUnicodeSdk.csproj", "{29F6E845-FF32-4F21-B009-FD743D427DEC}"
EndProject
Project("{FAE04EC0-301F-11D3-BF4B-00C04F79EFBC}") = "OperationenImportIcpm5Op3CSVSdk", "OperationenImportIcpm5Op3CSV\OperationenImportIcpm5Op3CSVSdk.csproj", "{72BD8B34-0B7E-4FD6-BBDE-076B1BBFBB3D}"
EndProject
Project("{FAE04EC0-301F-11D3-BF4B-00C04F79EFBC}") = "OperationenImportIcpm5Op3CSVUnicodeSdk", "OperationenImportIcpm5Op3CSVUnicode\OperationenImportIcpm5Op3CSVUnicodeSdk.csproj", "{4B61DF54-DEE0-4AF6-B398-729A44E7B9BE}"
EndProject
Project("{FAE04EC0-301F-11D3-BF4B-00C04F79EFBC}") = "OperationenImportIKPM10Sdk", "OperationenImportIKPM10\OperationenImportIKPM10Sdk.csproj", "{64A9B718-EE85-47EA-817C-D21A4F05DFE5}"
EndProject
Project("{FAE04EC0-301F-11D3-BF4B-00C04F79EFBC}") = "OperationenImportIKPM10UnicodeSdk", "OperationenImportIKPM10Unicode\OperationenImportIKPM10UnicodeSdk.csproj", "{7ABF7D1C-110E-488D-B142-C88FC0A6D76E}"
EndProject
Project("{FAE04EC0-301F-11D3-BF4B-00C04F79EFBC}") = "OperationenImportOrbisSdk", "OperationenImportOrbis\OperationenImportOrbisSdk.csproj", "{B1899F82-EB35-4383-8B77-BBF381913C11}"
EndProject
Project("{FAE04EC0-301F-11D3-BF4B-00C04F79EFBC}") = "OperationenImportOrbisTextSdk", "OperationenImportOrbisText\OperationenImportOrbisTextSdk.csproj", "{C3F283FD-E2FA-40C6-B626-864C3835AB49}"
EndProject
Project("{FAE04EC0-301F-11D3-BF4B-00C04F79EFBC}") = "OperationenImportOrbisTextUnicodeSdk", "OperationenImportOrbisTextUnicode\OperationenImportOrbisTextUnicodeSdk.csproj", "{C1F6B05A-82A7-4661-B16D-A2981003B074}"
EndProject
Project("{FAE04EC0-301F-11D3-BF4B-00C04F79EFBC}") = "OperationenImportOrbisUnicodeSdk", "OperationenImportOrbisUnicode\OperationenImportOrbisUnicodeSdk.csproj", "{9ED3E32B-A2AE-4966-A205-EB5D6758CD12}"
EndProject
Project("{FAE04EC0-301F-11D3-BF4B-00C04F79EFBC}") = "OperationenImportSqlServer", "OperationenImportSqlServer\OperationenImportSqlServer.csproj", "{99499334-E0AE-4E5C-982F-E319BCEA3484}"
EndProject
Project("{FAE04EC0-301F-11D3-BF4B-00C04F79EFBC}") = "OperationenImportMccIsopSdk", "OperationenImportMccIsop\OperationenImportMccIsopSdk.csproj", "{70C43FED-E5B2-4D76-ACDB-78C2495EDA9B}"
EndProject
Project("{FAE04EC0-301F-11D3-BF4B-00C04F79EFBC}") = "OperationenImportMccIsopUnicodeSdk", "OperationenImportMccIsopUnicode\OperationenImportMccIsopUnicodeSdk.csproj", "{B9073AC2-C435-4828-969C-C6FC1D9791A3}"
EndProject
Project("{FAE04EC0-301F-11D3-BF4B-00C04F79EFBC}") = "OperationenImportImedOneSdk", "OperationenImportImedOne\OperationenImportImedOneSdk.csproj", "{AD5993FF-001E-4AFF-8FFC-D0DA8A0FC1F2}"
EndProject
Project("{FAE04EC0-301F-11D3-BF4B-00C04F79EFBC}") = "OperationenImportSapCsvSdk", "OperationenImportSapCsv\OperationenImportSapCsvSdk.csproj", "{B579AD31-3723-40DA-8645-18D884DDE7DE}"
EndProject
Project("{FAE04EC0-301F-11D3-BF4B-00C04F79EFBC}") = "OperationenImportSapCsvUnicodeSdk", "OperationenImportSapCsvUnicode\OperationenImportSapCsvUnicodeSdk.csproj", "{400F0FF5-A082-4FD7-BECF-222BEB5A5E8A}"
EndProject
Global
	GlobalSection(SolutionConfigurationPlatforms) = preSolution
		Debug|Any CPU = Debug|Any CPU
		Release|Any CPU = Release|Any CPU
	EndGlobalSection
	GlobalSection(ProjectConfigurationPlatforms) = postSolution
		{92316D9C-3FDB-4BE1-88E4-DC42839A8581}.Debug|Any CPU.ActiveCfg = Debug|Any CPU
		{92316D9C-3FDB-4BE1-88E4-DC42839A8581}.Debug|Any CPU.Build.0 = Debug|Any CPU
		{92316D9C-3FDB-4BE1-88E4-DC42839A8581}.Release|Any CPU.ActiveCfg = Release|Any CPU
		{92316D9C-3FDB-4BE1-88E4-DC42839A8581}.Release|Any CPU.Build.0 = Release|Any CPU
		{6BC33FBD-4FDB-4937-B5DE-5B9EE98B55A8}.Debug|Any CPU.ActiveCfg = Debug|Any CPU
		{6BC33FBD-4FDB-4937-B5DE-5B9EE98B55A8}.Debug|Any CPU.Build.0 = Debug|Any CPU
		{6BC33FBD-4FDB-4937-B5DE-5B9EE98B55A8}.Release|Any CPU.ActiveCfg = Release|Any CPU
		{6BC33FBD-4FDB-4937-B5DE-5B9EE98B55A8}.Release|Any CPU.Build.0 = Release|Any CPU
		{0EA60056-2F5D-48CD-9A5F-34571E313C5C}.Debug|Any CPU.ActiveCfg = Debug|Any CPU
		{0EA60056-2F5D-48CD-9A5F-34571E313C5C}.Debug|Any CPU.Build.0 = Debug|Any CPU
		{0EA60056-2F5D-48CD-9A5F-34571E313C5C}.Release|Any CPU.ActiveCfg = Release|Any CPU
		{0EA60056-2F5D-48CD-9A5F-34571E313C5C}.Release|Any CPU.Build.0 = Release|Any CPU
		{4BF90585-74D8-453F-B823-DCACCD8F0999}.Debug|Any CPU.ActiveCfg = Debug|Any CPU
		{4BF90585-74D8-453F-B823-DCACCD8F0999}.Debug|Any CPU.Build.0 = Debug|Any CPU
		{4BF90585-74D8-453F-B823-DCACCD8F0999}.Release|Any CPU.ActiveCfg = Release|Any CPU
		{4BF90585-74D8-453F-B823-DCACCD8F0999}.Release|Any CPU.Build.0 = Release|Any CPU
		{29F6E845-FF32-4F21-B009-FD743D427DEC}.Debug|Any CPU.ActiveCfg = Debug|Any CPU
		{29F6E845-FF32-4F21-B009-FD743D427DEC}.Debug|Any CPU.Build.0 = Debug|Any CPU
		{29F6E845-FF32-4F21-B009-FD743D427DEC}.Release|Any CPU.ActiveCfg = Release|Any CPU
		{29F6E845-FF32-4F21-B009-FD743D427DEC}.Release|Any CPU.Build.0 = Release|Any CPU
		{72BD8B34-0B7E-4FD6-BBDE-076B1BBFBB3D}.Debug|Any CPU.ActiveCfg = Debug|Any CPU
		{72BD8B34-0B7E-4FD6-BBDE-076B1BBFBB3D}.Debug|Any CPU.Build.0 = Debug|Any CPU
		{72BD8B34-0B7E-4FD6-BBDE-076B1BBFBB3D}.Release|Any CPU.ActiveCfg = Release|Any CPU
		{72BD8B34-0B7E-4FD6-BBDE-076B1BBFBB3D}.Release|Any CPU.Build.0 = Release|Any CPU
		{4B61DF54-DEE0-4AF6-B398-729A44E7B9BE}.Debug|Any CPU.ActiveCfg = Debug|Any CPU
		{4B61DF54-DEE0-4AF6-B398-729A44E7B9BE}.Debug|Any CPU.Build.0 = Debug|Any CPU
		{4B61DF54-DEE0-4AF6-B398-729A44E7B9BE}.Release|Any CPU.ActiveCfg = Release|Any CPU
		{4B61DF54-DEE0-4AF6-B398-729A44E7B9BE}.Release|Any CPU.Build.0 = Release|Any CPU
		{64A9B718-EE85-47EA-817C-D21A4F05DFE5}.Debug|Any CPU.ActiveCfg = Debug|Any CPU
		{64A9B718-EE85-47EA-817C-D21A4F05DFE5}.Debug|Any CPU.Build.0 = Debug|Any CPU
		{64A9B718-EE85-47EA-817C-D21A4F05DFE5}.Release|Any CPU.ActiveCfg = Release|Any CPU
		{64A9B718-EE85-47EA-817C-D21A4F05DFE5}.Release|Any CPU.Build.0 = Release|Any CPU
		{7ABF7D1C-110E-488D-B142-C88FC0A6D76E}.Debug|Any CPU.ActiveCfg = Debug|Any CPU
		{7ABF7D1C-110E-488D-B142-C88FC0A6D76E}.Debug|Any CPU.Build.0 = Debug|Any CPU
		{7ABF7D1C-110E-488D-B142-C88FC0A6D76E}.Release|Any CPU.ActiveCfg = Release|Any CPU
		{7ABF7D1C-110E-488D-B142-C88FC0A6D76E}.Release|Any CPU.Build.0 = Release|Any CPU
		{B1899F82-EB35-4383-8B77-BBF381913C11}.Debug|Any CPU.ActiveCfg = Debug|Any CPU
		{B1899F82-EB35-4383-8B77-BBF381913C11}.Debug|Any CPU.Build.0 = Debug|Any CPU
		{B1899F82-EB35-4383-8B77-BBF381913C11}.Release|Any CPU.ActiveCfg = Release|Any CPU
		{B1899F82-EB35-4383-8B77-BBF381913C11}.Release|Any CPU.Build.0 = Release|Any CPU
		{C3F283FD-E2FA-40C6-B626-864C3835AB49}.Debug|Any CPU.ActiveCfg = Debug|Any CPU
		{C3F283FD-E2FA-40C6-B626-864C3835AB49}.Debug|Any CPU.Build.0 = Debug|Any CPU
		{C3F283FD-E2FA-40C6-B626-864C3835AB49}.Release|Any CPU.ActiveCfg = Release|Any CPU
		{C3F283FD-E2FA-40C6-B626-864C3835AB49}.Release|Any CPU.Build.0 = Release|Any CPU
		{C1F6B05A-82A7-4661-B16D-A2981003B074}.Debug|Any CPU.ActiveCfg = Debug|Any CPU
		{C1F6B05A-82A7-4661-B16D-A2981003B074}.Debug|Any CPU.Build.0 = Debug|Any CPU
		{C1F6B05A-82A7-4661-B16D-A2981003B074}.Release|Any CPU.ActiveCfg = Release|Any CPU
		{C1F6B05A-82A7-4661-B16D-A2981003B074}.Release|Any CPU.Build.0 = Release|Any CPU
		{9ED3E32B-A2AE-4966-A205-EB5D6758CD12}.Debug|Any CPU.ActiveCfg = Debug|Any CPU
		{9ED3E32B-A2AE-4966-A205-EB5D6758CD12}.Debug|Any CPU.Build.0 = Debug|Any CPU
		{9ED3E32B-A2AE-4966-A205-EB5D6758CD12}.Release|Any CPU.ActiveCfg = Release|Any CPU
		{9ED3E32B-A2AE-4966-A205-EB5D6758CD12}.Release|Any CPU.Build.0 = Release|Any CPU
		{99499334-E0AE-4E5C-982F-E319BCEA3484}.Debug|Any CPU.ActiveCfg = Debug|Any CPU
		{99499334-E0AE-4E5C-982F-E319BCEA3484}.Debug|Any CPU.Build.0 = Debug|Any CPU
		{99499334-E0AE-4E5C-982F-E319BCEA3484}.Release|Any CPU.ActiveCfg = Release|Any CPU
		{99499334-E0AE-4E5C-982F-E319BCEA3484}.Release|Any CPU.Build.0 = Release|Any CPU
		{70C43FED-E5B2-4D76-ACDB-78C2495EDA9B}.Debug|Any CPU.ActiveCfg = Debug|Any CPU
		{70C43FED-E5B2-4D76-ACDB-78C2495EDA9B}.Debug|Any CPU.Build.0 = Debug|Any CPU
		{70C43FED-E5B2-4D76-ACDB-78C2495EDA9B}.Release|Any CPU.ActiveCfg = Release|Any CPU
		{70C43FED-E5B2-4D76-ACDB-78C2495EDA9B}.Release|Any CPU.Build.0 = Release|Any CPU
		{B9073AC2-C435-4828-969C-C6FC1D9791A3}.Debug|Any CPU.ActiveCfg = Debug|Any CPU
		{B9073AC2-C435-4828-969C-C6FC1D9791A3}.Debug|Any CPU.Build.0 = Debug|Any CPU
		{B9073AC2-C435-4828-969C-C6FC1D9791A3}.Release|Any CPU.ActiveCfg = Release|Any CPU
		{B9073AC2-C435-4828-969C-C6FC1D9791A3}.Release|Any CPU.Build.0 = Release|Any CPU
		{AD5993FF-001E-4AFF-8FFC-D0DA8A0FC1F2}.Debug|Any CPU.ActiveCfg = Debug|Any CPU
		{AD5993FF-001E-4AFF-8FFC-D0DA8A0FC1F2}.Debug|Any CPU.Build.0 = Debug|Any CPU
		{AD5993FF-001E-4AFF-8FFC-D0DA8A0FC1F2}.Release|Any CPU.ActiveCfg = Release|Any CPU
		{AD5993FF-001E-4AFF-8FFC-D0DA8A0FC1F2}.Release|Any CPU.Build.0 = Release|Any CPU
		{B579AD31-3723-40DA-8645-18D884DDE7DE}.Debug|Any CPU.ActiveCfg = Debug|Any CPU
		{B579AD31-3723-40DA-8645-18D884DDE7DE}.Debug|Any CPU.Build.0 = Debug|Any CPU
		{B579AD31-3723-40DA-8645-18D884DDE7DE}.Release|Any CPU.ActiveCfg = Release|Any CPU
		{B579AD31-3723-40DA-8645-18D884DDE7DE}.Release|Any CPU.Build.0 = Release|Any CPU
		{400F0FF5-A082-4FD7-BECF-222BEB5A5E8A}.Debug|Any CPU.ActiveCfg = Debug|Any CPU
		{400F0FF5-A082-4FD7-BECF-222BEB5A5E8A}.Debug|Any CPU.Build.0 = Debug|Any CPU
		{400F0FF5-A082-4FD7-BECF-222BEB5A5E8A}.Release|Any CPU.ActiveCfg = Release|Any CPU
		{400F0FF5-A082-4FD7-BECF-222BEB5A5E8A}.Release|Any CPU.Build.0 = Release|Any CPU
	EndGlobalSection
	GlobalSection(SolutionProperties) = preSolution
		HideSolutionNode = FALSE
	EndGlobalSection
EndGlobal
